github.com/cronokirby/safenum v0.16.0 h1:okw5A7jMBu8rvOvumD1XAhb0qgK0SKlsTIl47YNACcg=
github.com/cronokirby/safenum v0.16.0/go.mod h1:AWp82xwEqKcnrpJPXPa1m0gF/OY8dzgL17ubUBnVygA=
github.com/cronokirby/safenum v0.17.0 h1:2f6RtEWs+/Z5yBGXFg7/KlRNN2C4svi4ReA9g9E8vPs=
github.com/cronokirby/safenum v0.17.0/go.mod h1:AWp82xwEqKcnrpJPXPa1m0gF/OY8dzgL17ubUBnVygA=
